{
  "name": "pdf-edit",
  "version": "0.1.0",
  "lockfileVersion": 1,
  "requires": true,
  "dependencies": {
    "@editorjs/checklist": {
      "version": "1.3.0",
      "resolved": "https://registry.npmjs.org/@editorjs/checklist/-/checklist-1.3.0.tgz",
      "integrity": "sha512-087oW0oOIE5HX8llj4Eap/reFDFw8VCLlp6GU0E9GEp7f3zy2aV6KdFR+6dbYhZ50w7tSnkMpCAcSq1NXJeB4Q=="
    },
    "@editorjs/delimiter": {
      "version": "1.2.0",
      "resolved": "https://registry.npmjs.org/@editorjs/delimiter/-/delimiter-1.2.0.tgz",
      "integrity": "sha512-GKsCFPk85vH5FuCuVQ48NTLc9hk0T3DsBH9zABaicTYIJayFcUa8N4/Y+L3i4tduzDqqyvoxkv+5n43GmC5gEA=="
    },
    "@editorjs/editorjs": {
      "version": "2.20.2",
      "resolved": "https://registry.npmjs.org/@editorjs/editorjs/-/editorjs-2.20.2.tgz",
      "integrity": "sha512-QTIc4YaOktxT8g8ls0GLNb32px6hDjYZJJY6qMFn4/jT0fTk7bQ6tK5qihpMZX1P2aGgM1FPSX1l22KCnYk/YQ==",
      "requires": {
        "codex-notifier": "^1.1.2",
        "codex-tooltip": "^1.0.2"
      }
    },
    "@editorjs/header": {
      "version": "2.6.1",
      "resolved": "https://registry.npmjs.org/@editorjs/header/-/header-2.6.1.tgz",
      "integrity": "sha512-EsnyVFv5uThpU9tbQ/dUPFCQoa/sBFy2n+9tN3wOXJGx7sjea4fdcacJ2UYhO+7pCgZ+aSgmMOyGLYHUFbchvA=="
    },
    "@editorjs/image": {
      "version": "2.6.0",
      "resolved": "https://registry.npmjs.org/@editorjs/image/-/image-2.6.0.tgz",
      "integrity": "sha512-lX4Pz9cW3gGFzlmYLRAsBXTiqUG/MRG7NK4QVU+n/VnUWPU1e791eiIpgRLHfpPj6Maaw5a+GRut90D5EdXtqg=="
    },
    "@editorjs/list": {
      "version": "1.6.2",
      "resolved": "https://registry.npmjs.org/@editorjs/list/-/list-1.6.2.tgz",
      "integrity": "sha512-OxowV0yuE11G01czYM1dEQlz1F37ehX0ak5vAbZ9ncSXrPh0fDRw/fBxTY654FlmrsQ40UFom3owSG++tLvVGw=="
    },
    "@editorjs/quote": {
      "version": "2.4.0",
      "resolved": "https://registry.npmjs.org/@editorjs/quote/-/quote-2.4.0.tgz",
      "integrity": "sha512-IWOBWjL2ngPP63GcIAltyD9kc7OVZFma4kS+T5JRHvKKDspYsnmrxsbRmCPc+coZQzqPxXHkiOZuNMdmGX/Y3w=="
    },
    "@editorjs/table": {
      "version": "1.3.0",
      "resolved": "https://registry.npmjs.org/@editorjs/table/-/table-1.3.0.tgz",
      "integrity": "sha512-3/gr7IkjsYuECndCpcBSKzZQHos7C9QU1ach8avyVbXB3VLAa1RyGjgocu0Ct4d02HdxirrYZ7+vP1Na+s04GQ=="
    },
    "codex-notifier": {
      "version": "1.1.2",
      "resolved": "https://registry.npmjs.org/codex-notifier/-/codex-notifier-1.1.2.tgz",
      "integrity": "sha512-DCp6xe/LGueJ1N5sXEwcBc3r3PyVkEEDNWCVigfvywAkeXcZMk9K41a31tkEFBW0Ptlwji6/JlAb49E3Yrxbtg=="
    },
    "codex-tooltip": {
      "version": "1.0.2",
      "resolved": "https://registry.npmjs.org/codex-tooltip/-/codex-tooltip-1.0.2.tgz",
      "integrity": "sha512-oC+Bu5X/zyhbPydgMSLWKoM/+vkJMqaLWu3Dt/jZgXS3MWK23INwC5DMBrVXZSufAFk0i0SUni38k9rLMyZn/w=="
    }
  }
}
